# Generated by pub
# See https://dart.dev/tools/pub/glossary#lockfile
packages:
  animated_splash_screen:
    dependency: "direct main"
    description:
      name: animated_splash_screen
      sha256: f45634db6ec4e8cf034c53e03f3bd83898a16fe3c9286bf5510b6831dfcf2124
      url: "https://pub.dev"
    source: hosted
    version: "1.3.0"
  animated_stack_widget:
    dependency: transitive
    description:
      name: animated_stack_widget
      sha256: ce4788dd158768c9d4388354b6fb72600b78e041a37afc4c279c63ecafcb9408
      url: "https://pub.dev"
    source: hosted
    version: "0.0.4"
  archive:
    dependency: transitive
    description:
      name: archive
      sha256: "793964beb8e297995714326628881437d4211f10fc8843534bab54129cd896ee"
      url: "https://pub.dev"
    source: hosted
    version: "3.3.1"
  args:
    dependency: transitive
    description:
      name: args
      sha256: b003c3098049a51720352d219b0bb5f219b60fbfb68e7a4748139a06a5676515
      url: "https://pub.dev"
    source: hosted
    version: "2.3.1"
  async:
    dependency: transitive
    description:
      name: async
      sha256: bfe67ef28df125b7dddcea62755991f807aa39a2492a23e1550161692950bbe0
      url: "https://pub.dev"
    source: hosted
    version: "2.10.0"
  awesome_notifications:
    dependency: "direct main"
    description:
      name: awesome_notifications
      sha256: "49599d5b191a8aeb53b54c1a1cab80251ed185b34646ec147cfc1f690dafda47"
      url: "https://pub.dev"
    source: hosted
    version: "0.6.20"
  background_location:
    dependency: "direct main"
    description:
      name: background_location
      sha256: "4aa2cceaee8d18e8e1598c3f7afac299d360d591178b6587f89786f5e80e1ca3"
      url: "https://pub.dev"
    source: hosted
    version: "0.8.1"
  boolean_selector:
    dependency: transitive
    description:
      name: boolean_selector
      sha256: "6cfb5af12253eaf2b368f07bacc5a80d1301a071c73360d746b7f2e32d762c66"
      url: "https://pub.dev"
    source: hosted
    version: "2.1.1"
  characters:
    dependency: transitive
    description:
      name: characters
      sha256: e6a326c8af69605aec75ed6c187d06b349707a27fbff8222ca9cc2cff167975c
      url: "https://pub.dev"
    source: hosted
    version: "1.2.1"
  clock:
    dependency: transitive
    description:
      name: clock
      sha256: cb6d7f03e1de671e34607e909a7213e31d7752be4fb66a86d29fe1eb14bfb5cf
      url: "https://pub.dev"
    source: hosted
    version: "1.1.1"
  cloud_firestore:
    dependency: "direct main"
    description:
      name: cloud_firestore
      sha256: "98df48d2597bffaa4d814cb8bfe202cf3c951fbed5d154e2624e6ba49b664456"
      url: "https://pub.dev"
    source: hosted
    version: "3.4.3"
  cloud_firestore_platform_interface:
    dependency: transitive
    description:
      name: cloud_firestore_platform_interface
      sha256: "2927279c39c258ef810a96af363f9e9ba73a40646ac6997de9fc19d0cf8a74a3"
      url: "https://pub.dev"
    source: hosted
    version: "5.7.0"
  cloud_firestore_web:
    dependency: transitive
    description:
      name: cloud_firestore_web
      sha256: ea2395fde1ae21425c29acc19dc836b375ebb8620a4457231a9401ce9a8ebc04
      url: "https://pub.dev"
    source: hosted
    version: "2.8.3"
  collection:
    dependency: transitive
    description:
      name: collection
      sha256: cfc915e6923fe5ce6e153b0723c753045de46de1b4d63771530504004a45fae0
      url: "https://pub.dev"
    source: hosted
    version: "1.17.0"
  crypto:
    dependency: transitive
    description:
      name: crypto
      sha256: aa274aa7774f8964e4f4f38cc994db7b6158dd36e9187aaceaddc994b35c6c67
      url: "https://pub.dev"
    source: hosted
    version: "3.0.2"
  cupertino_icons:
    dependency: "direct main"
    description:
      name: cupertino_icons
      sha256: "1989d917fbe8e6b39806207df5a3fdd3d816cbd090fac2ce26fb45e9a71476e5"
      url: "https://pub.dev"
    source: hosted
    version: "1.0.4"
  fake_async:
    dependency: transitive
    description:
      name: fake_async
      sha256: "511392330127add0b769b75a987850d136345d9227c6b94c96a04cf4a391bf78"
      url: "https://pub.dev"
    source: hosted
    version: "1.3.1"
  ffi:
    dependency: transitive
    description:
      name: ffi
      sha256: a38574032c5f1dd06c4aee541789906c12ccaab8ba01446e800d9c5b79c4a978
      url: "https://pub.dev"
    source: hosted
    version: "2.0.1"
  file:
    dependency: "direct main"
    description:
      name: file
      sha256: "1b92bec4fc2a72f59a8e15af5f52cd441e4a7860b49499d69dfa817af20e925d"
      url: "https://pub.dev"
    source: hosted
    version: "6.1.4"
  firebase_core:
    dependency: "direct main"
    description:
      name: firebase_core
      sha256: d6ea5525c868e3034b5f2407deb06f75d2e83f8e04c2478940e924d813e76164
      url: "https://pub.dev"
    source: hosted
    version: "1.20.0"
  firebase_core_platform_interface:
    dependency: transitive
    description:
      name: firebase_core_platform_interface
      sha256: a78327f0f2f5e36073427300633c9036c4499f047f178498d08b0345ae7ad5b4
      url: "https://pub.dev"
    source: hosted
    version: "4.5.0"
  firebase_core_web:
    dependency: transitive
    description:
      name: firebase_core_web
      sha256: "12853276fd2f9c1aed6f1e3470e3edf7caa6c9fbc39a2b0438f8986e1f468a41"
      url: "https://pub.dev"
    source: hosted
    version: "1.7.1"
  flutter:
    dependency: "direct main"
    description: flutter
    source: sdk
    version: "0.0.0"
  flutter_launcher_icons:
    dependency: "direct dev"
    description:
      name: flutter_launcher_icons
      sha256: "559c600f056e7c704bd843723c21e01b5fba47e8824bd02422165bcc02a5de1d"
      url: "https://pub.dev"
    source: hosted
    version: "0.9.3"
  flutter_map:
    dependency: "direct main"
    description:
      name: flutter_map
      sha256: "09010e452bcd8c57ade1b936b79643c4fd599f93b00d1696630f0b919b6f374a"
      url: "https://pub.dev"
    source: hosted
    version: "2.2.0"
  flutter_map_marker_cluster:
    dependency: "direct main"
    description:
      name: flutter_map_marker_cluster
      sha256: "88e51a1c6a8046ae90a8620c71af433a13fca3f8831ac7e356b78453c58bf6db"
      url: "https://pub.dev"
    source: hosted
    version: "0.5.4"
  flutter_map_marker_popup:
    dependency: transitive
    description:
      name: flutter_map_marker_popup
      sha256: "4c0da4301a7007124f3d6d208928075bcb84268785eae8df93d53e2fe3654456"
      url: "https://pub.dev"
    source: hosted
    version: "3.2.0"
  flutter_test:
    dependency: "direct dev"
    description: flutter
    source: sdk
    version: "0.0.0"
  flutter_web_plugins:
    dependency: transitive
    description: flutter
    source: sdk
    version: "0.0.0"
  geocoding:
    dependency: "direct main"
    description:
      name: geocoding
      sha256: b34c0501bbbaf3190b85bef3078b27cf66c28a8915c6d3af50d67f356aa7da31
      url: "https://pub.dev"
    source: hosted
    version: "2.1.0"
  geocoding_android:
    dependency: transitive
    description:
      name: geocoding_android
      sha256: "5a1fc0cec9b0497b44ca31c1fa8d1c891f3aded1053e6bb2eac075d3bd1bf046"
      url: "https://pub.dev"
    source: hosted
    version: "2.1.0"
  geocoding_ios:
    dependency: transitive
    description:
      name: geocoding_ios
      sha256: c85495ce8fb34e4fbd2dd8fc5f79263d622d9f88c4af948c965daf6b27a7f3a1
      url: "https://pub.dev"
    source: hosted
    version: "2.1.0"
  geocoding_platform_interface:
    dependency: transitive
    description:
      name: geocoding_platform_interface
      sha256: "8848605d307d844d89937cdb4b8ad7dfa880552078f310fa24d8a460f6dddab4"
      url: "https://pub.dev"
    source: hosted
    version: "2.0.1"
  geolocator:
    dependency: transitive
    description:
      name: geolocator
      sha256: "672ba7193539d9092fac6c92d17692df2294c60109929ecb255cd6e52825ec4d"
      url: "https://pub.dev"
    source: hosted
    version: "9.0.1"
  geolocator_android:
    dependency: transitive
    description:
      name: geolocator_android
      sha256: "977d7b47150b331dad7d7c645b83e9fc52ecfd0436afb27fbf9cbee6dcd4075e"
      url: "https://pub.dev"
    source: hosted
    version: "4.1.0"
  geolocator_apple:
    dependency: transitive
    description:
      name: geolocator_apple
      sha256: "1b17544d250bbfebd2f36157f9ce094b0b07967441c1010243d6ea04f6f5bfe8"
      url: "https://pub.dev"
    source: hosted
    version: "2.2.1"
  geolocator_platform_interface:
    dependency: transitive
    description:
      name: geolocator_platform_interface
      sha256: "8c10ba5c825abdcc337ba918fbc1d3a5a2b006affe6ba610e3143cd32f54388d"
      url: "https://pub.dev"
    source: hosted
    version: "4.0.6"
  geolocator_web:
    dependency: transitive
    description:
      name: geolocator_web
      sha256: f68a122da48fcfff68bbc9846bb0b74ef651afe84a1b1f6ec20939de4d6860e1
      url: "https://pub.dev"
    source: hosted
    version: "2.1.6"
  geolocator_windows:
    dependency: transitive
    description:
      name: geolocator_windows
      sha256: f5911c88e23f48b598dd506c7c19eff0e001645bdc03bb6fecb9f4549208354d
      url: "https://pub.dev"
    source: hosted
    version: "0.1.1"
  http:
    dependency: transitive
    description:
      name: http
      sha256: "6aa2946395183537c8b880962d935877325d6a09a2867c3970c05c0fed6ac482"
      url: "https://pub.dev"
    source: hosted
    version: "0.13.5"
  http_parser:
    dependency: transitive
    description:
      name: http_parser
      sha256: db3060f22889f3d9d55f6a217565486737037eec3609f7f3eca4d0c67ee0d8a0
      url: "https://pub.dev"
    source: hosted
    version: "4.0.1"
  image:
    dependency: transitive
    description:
      name: image
      sha256: "9d2c5f73435a70a936d317769ee8e7ef480e37674b9f2bce95ea98969a307855"
      url: "https://pub.dev"
    source: hosted
    version: "3.2.0"
  intl:
    dependency: "direct main"
    description:
      name: intl
      sha256: "910f85bce16fb5c6f614e117efa303e85a1731bb0081edf3604a2ae6e9a3cc91"
      url: "https://pub.dev"
    source: hosted
    version: "0.17.0"
  intro_slider:
    dependency: "direct main"
    description:
      name: intro_slider
      sha256: c6b3e830b01859446ea008a32d753d302d19805fdf1f775fb857a1e3590aead9
      url: "https://pub.dev"
    source: hosted
    version: "4.2.0"
  js:
    dependency: transitive
    description:
      name: js
      sha256: "5528c2f391ededb7775ec1daa69e65a2d61276f7552de2b5f7b8d34ee9fd4ab7"
      url: "https://pub.dev"
    source: hosted
    version: "0.6.5"
  latlong2:
    dependency: "direct main"
    description:
      name: latlong2
      sha256: "408993a0e3f46e79ce1f129e4cb0386eef6d48dfa6394939ecacfbd7049154ec"
      url: "https://pub.dev"
    source: hosted
    version: "0.8.1"
  lists:
    dependency: transitive
    description:
      name: lists
      sha256: "4ca5c19ae4350de036a7e996cdd1ee39c93ac0a2b840f4915459b7d0a7d4ab27"
      url: "https://pub.dev"
    source: hosted
    version: "1.0.1"
  location:
    dependency: "direct main"
    description:
      name: location
      sha256: "9051959f6f2ccadd887b28b66e9cbbcc25b6838e37cf9e894c421ccc0ebf80b5"
      url: "https://pub.dev"
    source: hosted
    version: "4.4.0"
  location_picker_flutter_map:
    dependency: "direct main"
    description:
      name: location_picker_flutter_map
      sha256: "7601bf5924d68652af47591d4e4ae33cc1a8f63a3ca29d6e270b8d1cae647ae3"
      url: "https://pub.dev"
    source: hosted
    version: "1.0.3"
  location_platform_interface:
    dependency: transitive
    description:
      name: location_platform_interface
      sha256: "62eeaf1658e92e4459b727f55a3c328eccbac8ba043fa6d262ac5286ad48384c"
      url: "https://pub.dev"
    source: hosted
    version: "2.3.0"
  location_web:
    dependency: transitive
    description:
      name: location_web
      sha256: "6c08c408a040534c0269c4ff9fe17eebb5a36dea16512fbaf116b9c8bc21545b"
      url: "https://pub.dev"
    source: hosted
    version: "3.1.1"
  matcher:
    dependency: transitive
    description:
      name: matcher
      sha256: "16db949ceee371e9b99d22f88fa3a73c4e59fd0afed0bd25fc336eb76c198b72"
      url: "https://pub.dev"
    source: hosted
    version: "0.12.13"
  material_color_utilities:
    dependency: transitive
    description:
      name: material_color_utilities
      sha256: d92141dc6fe1dad30722f9aa826c7fbc896d021d792f80678280601aff8cf724
      url: "https://pub.dev"
    source: hosted
    version: "0.2.0"
  meta:
    dependency: transitive
    description:
      name: meta
      sha256: "6c268b42ed578a53088d834796959e4a1814b5e9e164f147f580a386e5decf42"
      url: "https://pub.dev"
    source: hosted
    version: "1.8.0"
  mgrs_dart:
    dependency: transitive
    description:
      name: mgrs_dart
      sha256: fb89ae62f05fa0bb90f70c31fc870bcbcfd516c843fb554452ab3396f78586f7
      url: "https://pub.dev"
    source: hosted
    version: "2.0.0"
  nested:
    dependency: transitive
    description:
      name: nested
      sha256: "03bac4c528c64c95c722ec99280375a6f2fc708eec17c7b3f07253b626cd2a20"
      url: "https://pub.dev"
    source: hosted
    version: "1.0.0"
  page_transition:
    dependency: transitive
    description:
      name: page_transition
      sha256: a7694bc120b7064a7f57c336914bb8885acf4f70bb3772c30c2fcfe6a85e43ff
      url: "https://pub.dev"
    source: hosted
    version: "2.0.9"
  path:
    dependency: transitive
    description:
      name: path
      sha256: db9d4f58c908a4ba5953fcee2ae317c94889433e5024c27ce74a37f94267945b
      url: "https://pub.dev"
    source: hosted
    version: "1.8.2"
  path_provider:
    dependency: "direct main"
    description:
      name: path_provider
      sha256: "050e8e85e4b7fecdf2bb3682c1c64c4887a183720c802d323de8a5fd76d372dd"
      url: "https://pub.dev"
    source: hosted
    version: "2.0.11"
  path_provider_android:
    dependency: transitive
    description:
      name: path_provider_android
      sha256: "4d5542667150f5b779ba411dd5dc0b674a85d1355e45bda2877e0e82f4ad08d8"
      url: "https://pub.dev"
    source: hosted
    version: "2.0.20"
  path_provider_ios:
    dependency: transitive
    description:
      name: path_provider_ios
      sha256: "03d639406f5343478352433f00d3c4394d52dac8df3d847869c5e2333e0bbce8"
      url: "https://pub.dev"
    source: hosted
    version: "2.0.11"
  path_provider_linux:
    dependency: transitive
    description:
      name: path_provider_linux
      sha256: ab0987bf95bc591da42dffb38c77398fc43309f0b9b894dcc5d6f40c4b26c379
      url: "https://pub.dev"
    source: hosted
    version: "2.1.7"
  path_provider_macos:
    dependency: transitive
    description:
      name: path_provider_macos
      sha256: "2a97e7fbb7ae9dcd0dfc1220a78e9ec3e71da691912e617e8715ff2a13086ae8"
      url: "https://pub.dev"
    source: hosted
    version: "2.0.6"
  path_provider_platform_interface:
    dependency: transitive
    description:
      name: path_provider_platform_interface
      sha256: c2af5a8a6369992d915f8933dfc23172071001359d17896e83db8be57db8a397
      url: "https://pub.dev"
    source: hosted
    version: "2.0.1"
  path_provider_windows:
    dependency: transitive
    description:
      name: path_provider_windows
      sha256: "999d3dc2ac03ca3f8433018efa40b73558fa4f9759bf8383a217861d120c7d74"
      url: "https://pub.dev"
    source: hosted
    version: "2.1.0"
  permission_handler:
    dependency: "direct main"
    description:
      name: permission_handler
      sha256: "33c6a1253d1f95fd06fa74b65b7ba907ae9811f9d5c1d3150e51417d04b8d6a8"
      url: "https://pub.dev"
    source: hosted
    version: "10.2.0"
  permission_handler_android:
    dependency: transitive
    description:
      name: permission_handler_android
      sha256: "8028362b40c4a45298f1cbfccd227c8dd6caf0e27088a69f2ba2ab15464159e2"
      url: "https://pub.dev"
    source: hosted
    version: "10.2.0"
  permission_handler_apple:
    dependency: transitive
    description:
      name: permission_handler_apple
      sha256: "9c370ef6a18b1c4b2f7f35944d644a56aa23576f23abee654cf73968de93f163"
      url: "https://pub.dev"
    source: hosted
    version: "9.0.7"
  permission_handler_platform_interface:
    dependency: transitive
    description:
      name: permission_handler_platform_interface
      sha256: "68abbc472002b5e6dfce47fe9898c6b7d8328d58b5d2524f75e277c07a97eb84"
      url: "https://pub.dev"
    source: hosted
    version: "3.9.0"
  permission_handler_windows:
    dependency: transitive
    description:
      name: permission_handler_windows
      sha256: f67cab14b4328574938ecea2db3475dad7af7ead6afab6338772c5f88963e38b
      url: "https://pub.dev"
    source: hosted
    version: "0.1.2"
  petitparser:
    dependency: transitive
    description:
      name: petitparser
      sha256: "2ebb289dc4764ec397f5cd3ca9881c6d17196130a7d646ed022a0dd9c2e25a71"
      url: "https://pub.dev"
    source: hosted
    version: "5.0.0"
  platform:
    dependency: transitive
    description:
      name: platform
      sha256: "4a451831508d7d6ca779f7ac6e212b4023dd5a7d08a27a63da33756410e32b76"
      url: "https://pub.dev"
    source: hosted
    version: "3.1.0"
  plugin_platform_interface:
    dependency: transitive
    description:
      name: plugin_platform_interface
      sha256: "075f927ebbab4262ace8d0b283929ac5410c0ac4e7fc123c76429564facfb757"
      url: "https://pub.dev"
    source: hosted
    version: "2.1.2"
  polylabel:
    dependency: transitive
    description:
      name: polylabel
      sha256: "41b9099afb2aa6c1730bdd8a0fab1400d287694ec7615dd8516935fa3144214b"
      url: "https://pub.dev"
    source: hosted
    version: "1.0.1"
  positioned_tap_detector_2:
    dependency: transitive
    description:
      name: positioned_tap_detector_2
      sha256: "52e06863ad3e1f82b058fd05054fc8c9caeeb3b47d5cea7a24bd9320746059c1"
      url: "https://pub.dev"
    source: hosted
    version: "1.0.4"
  process:
    dependency: transitive
    description:
      name: process
      sha256: "53fd8db9cec1d37b0574e12f07520d582019cb6c44abf5479a01505099a34a09"
      url: "https://pub.dev"
    source: hosted
    version: "4.2.4"
  proj4dart:
    dependency: transitive
    description:
      name: proj4dart
      sha256: c8a659ac9b6864aa47c171e78d41bbe6f5e1d7bd790a5814249e6b68bc44324e
      url: "https://pub.dev"
    source: hosted
    version: "2.1.0"
  provider:
    dependency: transitive
    description:
      name: provider
      sha256: cdbe7530b12ecd9eb455bdaa2fcb8d4dad22e80b8afb4798b41479d5ce26847f
      url: "https://pub.dev"
    source: hosted
    version: "6.0.5"
  quiver:
    dependency: transitive
    description:
      name: quiver
      sha256: "93982981971e812c94d4a6fa3a57b89f9ec12b38b6380cd3c1370c3b01e4580e"
      url: "https://pub.dev"
    source: hosted
    version: "3.1.0"
  shared_preferences:
    dependency: "direct main"
    description:
      name: shared_preferences
      sha256: "76917b7d4b9526b2ba416808a7eb9fb2863c1a09cf63ec85f1453da240fa818a"
      url: "https://pub.dev"
    source: hosted
    version: "2.0.15"
  shared_preferences_android:
    dependency: transitive
    description:
      name: shared_preferences_android
      sha256: "853801ce6ba7429ec4e923e37317f32a57c903de50b8c33ffcfbdb7e6f0dd39c"
      url: "https://pub.dev"
    source: hosted
    version: "2.0.12"
  shared_preferences_ios:
    dependency: transitive
    description:
      name: shared_preferences_ios
      sha256: "585a14cefec7da8c9c2fb8cd283a3bb726b4155c0952afe6a0caaa7b2272de34"
      url: "https://pub.dev"
    source: hosted
    version: "2.1.1"
  shared_preferences_linux:
    dependency: transitive
    description:
      name: shared_preferences_linux
      sha256: "28aefc1261746e7bad3d09799496054beb84e8c4ffcdfed7734e17b4ada459a5"
      url: "https://pub.dev"
    source: hosted
    version: "2.1.1"
  shared_preferences_macos:
    dependency: transitive
    description:
      name: shared_preferences_macos
      sha256: fbb94bf296576f49be37a1496d5951796211a8db0aa22cc0d68c46440dad808c
      url: "https://pub.dev"
    source: hosted
    version: "2.0.4"
  shared_preferences_platform_interface:
    dependency: transitive
    description:
      name: shared_preferences_platform_interface
      sha256: "992f0fdc46d0a3c0ac2e5859f2de0e577bbe51f78a77ee8f357cbe626a2ad32d"
      url: "https://pub.dev"
    source: hosted
    version: "2.0.0"
  shared_preferences_web:
    dependency: transitive
    description:
      name: shared_preferences_web
      sha256: a4b5bc37fe1b368bbc81f953197d55e12f49d0296e7e412dfe2d2d77d6929958
      url: "https://pub.dev"
    source: hosted
    version: "2.0.4"
  shared_preferences_windows:
    dependency: transitive
    description:
      name: shared_preferences_windows
      sha256: "97f7ab9a7da96d9cf19581f5de520ceb529548498bd6b5e0ccd02d68a0d15eba"
      url: "https://pub.dev"
    source: hosted
    version: "2.1.1"
  sky_engine:
    dependency: transitive
    description: flutter
    source: sdk
    version: "0.0.99"
  source_span:
    dependency: transitive
    description:
      name: source_span
      sha256: dd904f795d4b4f3b870833847c461801f6750a9fa8e61ea5ac53f9422b31f250
      url: "https://pub.dev"
    source: hosted
    version: "1.9.1"
  stack_trace:
    dependency: transitive
    description:
      name: stack_trace
      sha256: c3c7d8edb15bee7f0f74debd4b9c5f3c2ea86766fe4178eb2a18eb30a0bdaed5
      url: "https://pub.dev"
    source: hosted
    version: "1.11.0"
  stream_channel:
    dependency: transitive
    description:
      name: stream_channel
      sha256: "83615bee9045c1d322bbbd1ba209b7a749c2cbcdcb3fdd1df8eb488b3279c1c8"
      url: "https://pub.dev"
    source: hosted
    version: "2.1.1"
  string_scanner:
    dependency: transitive
    description:
      name: string_scanner
      sha256: "556692adab6cfa87322a115640c11f13cb77b3f076ddcc5d6ae3c20242bedcde"
      url: "https://pub.dev"
    source: hosted
    version: "1.2.0"
  term_glyph:
    dependency: transitive
    description:
      name: term_glyph
      sha256: a29248a84fbb7c79282b40b8c72a1209db169a2e0542bce341da992fe1bc7e84
      url: "https://pub.dev"
    source: hosted
    version: "1.2.1"
  test_api:
    dependency: transitive
    description:
      name: test_api
      sha256: ad540f65f92caa91bf21dfc8ffb8c589d6e4dc0c2267818b4cc2792857706206
      url: "https://pub.dev"
    source: hosted
    version: "0.4.16"
  translator:
    dependency: "direct main"
    description:
      name: translator
      sha256: "225ee22fc482736c593be5c232c0c5884b16d7cc42945c51ac73d9a0441dddcc"
      url: "https://pub.dev"
    source: hosted
    version: "0.1.7"
  tuple:
    dependency: transitive
    description:
      name: tuple
      sha256: fe3ae4f0dca3f9aac0888e2e0d117b642ce283a82d7017b54136290c0a3b0dd3
      url: "https://pub.dev"
    source: hosted
    version: "2.0.0"
  typed_data:
    dependency: transitive
    description:
      name: typed_data
      sha256: "26f87ade979c47a150c9eaab93ccd2bebe70a27dc0b4b29517f2904f04eb11a5"
      url: "https://pub.dev"
    source: hosted
    version: "1.3.1"
  unicode:
    dependency: transitive
    description:
      name: unicode
      sha256: "0f69e46593d65245774d4f17125c6084d2c20b4e473a983f6e21b7d7762218f1"
      url: "https://pub.dev"
    source: hosted
    version: "0.3.1"
  url_launcher:
    dependency: "direct main"
    description:
      name: url_launcher
      sha256: a6410777b9f7bf6c5b46594465a23ef295da8e425946835e4c41327fc6d9bcc8
      url: "https://pub.dev"
    source: hosted
    version: "6.0.17"
  url_launcher_android:
    dependency: transitive
    description:
      name: url_launcher_android
      sha256: "55b921b486e0153aacd57aef18940c4ff427faa469a108af31d24a098a43ebd4"
      url: "https://pub.dev"
    source: hosted
    version: "6.0.13"
  url_launcher_ios:
    dependency: transitive
    description:
      name: url_launcher_ios
      sha256: "31bbb50e00b80848767c4e8fd72143ca14df677e8c827ce0dc84a7a49dd1eb77"
      url: "https://pub.dev"
    source: hosted
    version: "6.0.13"
  url_launcher_linux:
    dependency: transitive
    description:
      name: url_launcher_linux
      sha256: "762a15bd1be2e910e073539bb65e59c2d5cb35aff2730657d771bef78d7be20b"
      url: "https://pub.dev"
    source: hosted
    version: "2.0.2"
  url_launcher_macos:
    dependency: transitive
    description:
      name: url_launcher_macos
      sha256: c116ae76b578e0403c2c65630715c0c81a79ef22a11ff9192674b5233be88735
      url: "https://pub.dev"
    source: hosted
    version: "2.0.2"
  url_launcher_platform_interface:
    dependency: transitive
    description:
      name: url_launcher_platform_interface
      sha256: a4acd1aed57444bd4693768559a891cbb3168dbf0b992d0d5b5b5619ab371aed
      url: "https://pub.dev"
    source: hosted
    version: "2.0.4"
  url_launcher_web:
    dependency: transitive
    description:
      name: url_launcher_web
      sha256: "53be6a00d372851ce2dafc2897996747069fc82b8b8a59a43605b6516881862a"
      url: "https://pub.dev"
    source: hosted
    version: "2.0.5"
  url_launcher_windows:
    dependency: transitive
    description:
      name: url_launcher_windows
      sha256: "4e24aac2a2960fb9a70a07992e1ba69cb99fbcee48fdf17abe280ce867bfcea2"
      url: "https://pub.dev"
    source: hosted
    version: "2.0.2"
  vector_math:
    dependency: transitive
    description:
      name: vector_math
      sha256: "80b3257d1492ce4d091729e3a67a60407d227c27241d6927be0130c98e741803"
      url: "https://pub.dev"
    source: hosted
    version: "2.1.4"
  win32:
    dependency: transitive
    description:
      name: win32
      sha256: "6b75ac2ddd42f5c226fdaf4498a2b04071c06f1f2b8f7ab1c3f77cc7f2285ff1"
      url: "https://pub.dev"
    source: hosted
    version: "2.7.0"
  wkt_parser:
    dependency: transitive
    description:
      name: wkt_parser
      sha256: "8a555fc60de3116c00aad67891bcab20f81a958e4219cc106e3c037aa3937f13"
      url: "https://pub.dev"
    source: hosted
    version: "2.0.0"
  xdg_directories:
    dependency: transitive
    description:
      name: xdg_directories
      sha256: "060b6e1c891d956f72b5ac9463466c37cce3fa962a921532fc001e86fe93438e"
      url: "https://pub.dev"
    source: hosted
    version: "0.2.0+1"
  xml:
    dependency: transitive
    description:
      name: xml
      sha256: ac0e3f4bf00ba2708c33fbabbbe766300e509f8c82dbd4ab6525039813f7e2fb
      url: "https://pub.dev"
    source: hosted
    version: "6.1.0"
  yaml:
    dependency: transitive
    description:
      name: yaml
      sha256: "23812a9b125b48d4007117254bca50abb6c712352927eece9e155207b1db2370"
      url: "https://pub.dev"
    source: hosted
    version: "3.1.1"
sdks:
  dart: ">=2.18.0 <3.0.0"
  flutter: ">=3.0.0"
